
Microsoft Visual Studio Solution File, Format Version 12.00
# Visual Studio Version 16
VisualStudioVersion = 16.0.31321.278
MinimumVisualStudioVersion = 10.0.40219.1
Project("{FAE04EC0-301F-11D3-BF4B-00C04F79EFBC}") = "CQRS_Mediator.Api", "CQRS_Mediator\CQRS_Mediator.Api.csproj", "{0BFCF17E-2A60-441A-B672-EDDDE5D73752}"
EndProject
Project("{FAE04EC0-301F-11D3-BF4B-00C04F79EFBC}") = "CQRS_Mediator.Library", "CQRS_Mediator.Library\CQRS_Mediator.Library.csproj", "{7B120478-6211-4324-B21D-5BC631AADDC8}"
EndProject
Global
	GlobalSection(SolutionConfigurationPlatforms) = preSolution
		Debug|Any CPU = Debug|Any CPU
		Release|Any CPU = Release|Any CPU
	EndGlobalSection
	GlobalSection(ProjectConfigurationPlatforms) = postSolution
		{0BFCF17E-2A60-441A-B672-EDDDE5D73752}.Debug|Any CPU.ActiveCfg = Debug|Any CPU
		{0BFCF17E-2A60-441A-B672-EDDDE5D73752}.Debug|Any CPU.Build.0 = Debug|Any CPU
		{0BFCF17E-2A60-441A-B672-EDDDE5D73752}.Release|Any CPU.ActiveCfg = Release|Any CPU
		{0BFCF17E-2A60-441A-B672-EDDDE5D73752}.Release|Any CPU.Build.0 = Release|Any CPU
		{7B120478-6211-4324-B21D-5BC631AADDC8}.Debug|Any CPU.ActiveCfg = Debug|Any CPU
		{7B120478-6211-4324-B21D-5BC631AADDC8}.Debug|Any CPU.Build.0 = Debug|Any CPU
		{7B120478-6211-4324-B21D-5BC631AADDC8}.Release|Any CPU.ActiveCfg = Release|Any CPU
		{7B120478-6211-4324-B21D-5BC631AADDC8}.Release|Any CPU.Build.0 = Release|Any CPU
	EndGlobalSection
	GlobalSection(SolutionProperties) = preSolution
		HideSolutionNode = FALSE
	EndGlobalSection
	GlobalSection(ExtensibilityGlobals) = postSolution
		SolutionGuid = {B54AEC28-F4C9-4674-AC1C-61C685F98B99}
	EndGlobalSection
EndGlobal
